
Microsoft Visual Studio Solution File, Format Version 12.00
# Visual Studio Version 17
VisualStudioVersion = 17.1.32228.430
MinimumVisualStudioVersion = 10.0.40219.1
Project("{FAE04EC0-301F-11D3-BF4B-00C04F79EFBC}") = "ConsoleApp2", "ConsoleApp2\ConsoleApp2.csproj", "{BBE6F159-911B-4BCC-A10F-B217D310B6E3}"
EndProject
Global
	GlobalSection(SolutionConfigurationPlatforms) = preSolution
		Debug|Any CPU = Debug|Any CPU
		Release|Any CPU = Release|Any CPU
	EndGlobalSection
	GlobalSection(ProjectConfigurationPlatforms) = postSolution
		{BBE6F159-911B-4BCC-A10F-B217D310B6E3}.Debug|Any CPU.ActiveCfg = Debug|Any CPU
		{BBE6F159-911B-4BCC-A10F-B217D310B6E3}.Debug|Any CPU.Build.0 = Debug|Any CPU
		{BBE6F159-911B-4BCC-A10F-B217D310B6E3}.Release|Any CPU.ActiveCfg = Release|Any CPU
		{BBE6F159-911B-4BCC-A10F-B217D310B6E3}.Release|Any CPU.Build.0 = Release|Any CPU
	EndGlobalSection
	GlobalSection(SolutionProperties) = preSolution
		HideSolutionNode = FALSE
	EndGlobalSection
	GlobalSection(ExtensibilityGlobals) = postSolution
		SolutionGuid = {D7D3FD5A-4083-4942-90A4-9CAB373C0039}
	EndGlobalSection
EndGlobal
